// !$*UTF8*$!
{
	archiveVersion = 1;
	classes = {
	};
	objectVersion = 50;
	objects = {

/* Begin PBXBuildFile section */
		73F4D4B02268286E0004FB2E /* AppDelegate.swift in Sources */ = {isa = PBXBuildFile; fileRef = 73F4D4AF2268286E0004FB2E /* AppDelegate.swift */; };
		73F4D4B22268286E0004FB2E /* ViewController.swift in Sources */ = {isa = PBXBuildFile; fileRef = 73F4D4B12268286E0004FB2E /* ViewController.swift */; };
		73F4D4B52268286E0004FB2E /* Main.storyboard in Resources */ = {isa = PBXBuildFile; fileRef = 73F4D4B32268286E0004FB2E /* Main.storyboard */; };
		73F4D4B7226828720004FB2E /* Assets.xcassets in Resources */ = {isa = PBXBuildFile; fileRef = 73F4D4B6226828720004FB2E /* Assets.xcassets */; };
		73F4D4BA226828720004FB2E /* LaunchScreen.storyboard in Resources */ = {isa = PBXBuildFile; fileRef = 73F4D4B8226828720004FB2E /* LaunchScreen.storyboard */; };
		73F4D4C5226828720004FB2E /* FinalAppTests.swift in Sources */ = {isa = PBXBuildFile; fileRef = 73F4D4C4226828720004FB2E /* FinalAppTests.swift */; };
		73F4D503227737AE0004FB2E /* Constants.swift in Sources */ = {isa = PBXBuildFile; fileRef = 73F4D502227737AE0004FB2E /* Constants.swift */; };
		73F4D505227737BC0004FB2E /* AppDelegate.swift in Sources */ = {isa = PBXBuildFile; fileRef = 73F4D504227737BC0004FB2E /* AppDelegate.swift */; };
		73F4D507227737DA0004FB2E /* GameViewController.swift in Sources */ = {isa = PBXBuildFile; fileRef = 73F4D506227737DA0004FB2E /* GameViewController.swift */; };
		73F4D509227737F30004FB2E /* GameScene.swift in Sources */ = {isa = PBXBuildFile; fileRef = 73F4D508227737F30004FB2E /* GameScene.swift */; };
		73F4D50B2277380E0004FB2E /* VineNode.swift in Sources */ = {isa = PBXBuildFile; fileRef = 73F4D50A2277380E0004FB2E /* VineNode.swift */; };
/* End PBXBuildFile section */

/* Begin PBXContainerItemProxy section */
		73F4D4C1226828720004FB2E /* PBXContainerItemProxy */ = {
			isa = PBXContainerItemProxy;
			containerPortal = 73F4D4A42268286D0004FB2E /* Project object */;
			proxyType = 1;
			remoteGlobalIDString = 73F4D4AB2268286D0004FB2E;
			remoteInfo = FinalApp;
		};
/* End PBXContainerItemProxy section */

/* Begin PBXFileReference section */
		73F4D4AC2268286E0004FB2E /* FinalApp.app */ = {isa = PBXFileReference; explicitFileType = wrapper.application; includeInIndex = 0; path = FinalApp.app; sourceTree = BUILT_PRODUCTS_DIR; };
		73F4D4AF2268286E0004FB2E /* AppDelegate.swift */ = {isa = PBXFileReference; lastKnownFileType = sourcecode.swift; path = AppDelegate.swift; sourceTree = "<group>"; };
		73F4D4B12268286E0004FB2E /* ViewController.swift */ = {isa = PBXFileReference; lastKnownFileType = sourcecode.swift; path = ViewController.swift; sourceTree = "<group>"; };
		73F4D4B42268286E0004FB2E /* Base */ = {isa = PBXFileReference; lastKnownFileType = file.storyboard; name = Base; path = Base.lproj/Main.storyboard; sourceTree = "<group>"; };
		73F4D4B6226828720004FB2E /* Assets.xcassets */ = {isa = PBXFileReference; lastKnownFileType = folder.assetcatalog; path = Assets.xcassets; sourceTree = "<group>"; };
		73F4D4B9226828720004FB2E /* Base */ = {isa = PBXFileReference; lastKnownFileType = file.storyboard; name = Base; path = Base.lproj/LaunchScreen.storyboard; sourceTree = "<group>"; };
		73F4D4BB226828720004FB2E /* Info.plist */ = {isa = PBXFileReference; lastKnownFileType = text.plist.xml; path = Info.plist; sourceTree = "<group>"; };
		73F4D4C0226828720004FB2E /* FinalAppTests.xctest */ = {isa = PBXFileReference; explicitFileType = wrapper.cfbundle; includeInIndex = 0; path = FinalAppTests.xctest; sourceTree = BUILT_PRODUCTS_DIR; };
		73F4D4C4226828720004FB2E /* FinalAppTests.swift */ = {isa = PBXFileReference; lastKnownFileType = sourcecode.swift; path = FinalAppTests.swift; sourceTree = "<group>"; };
		73F4D4C6226828720004FB2E /* Info.plist */ = {isa = PBXFileReference; lastKnownFileType = text.plist.xml; path = Info.plist; sourceTree = "<group>"; };
		73F4D502227737AE0004FB2E /* Constants.swift */ = {isa = PBXFileReference; lastKnownFileType = sourcecode.swift; path = Constants.swift; sourceTree = "<group>"; };
		73F4D504227737BC0004FB2E /* AppDelegate.swift */ = {isa = PBXFileReference; lastKnownFileType = sourcecode.swift; path = AppDelegate.swift; sourceTree = "<group>"; };
		73F4D506227737DA0004FB2E /* GameViewController.swift */ = {isa = PBXFileReference; lastKnownFileType = sourcecode.swift; path = GameViewController.swift; sourceTree = "<group>"; };
		73F4D508227737F30004FB2E /* GameScene.swift */ = {isa = PBXFileReference; lastKnownFileType = sourcecode.swift; path = GameScene.swift; sourceTree = "<group>"; };
		73F4D50A2277380E0004FB2E /* VineNode.swift */ = {isa = PBXFileReference; lastKnownFileType = sourcecode.swift; path = VineNode.swift; sourceTree = "<group>"; };
/* End PBXFileReference section */

/* Begin PBXFrameworksBuildPhase section */
		73F4D4A92268286D0004FB2E /* Frameworks */ = {
			isa = PBXFrameworksBuildPhase;
			buildActionMask = 2147483647;
			files = (
			);
			runOnlyForDeploymentPostprocessing = 0;
		};
		73F4D4BD226828720004FB2E /* Frameworks */ = {
			isa = PBXFrameworksBuildPhase;
			buildActionMask = 2147483647;
			files = (
			);
			runOnlyForDeploymentPostprocessing = 0;
		};
/* End PBXFrameworksBuildPhase section */

/* Begin PBXGroup section */
		73F4D4A32268286D0004FB2E = {
			isa = PBXGroup;
			children = (
				73F4D4FF2277370B0004FB2E /* SnipTheVine */,
				73F4D4AE2268286E0004FB2E /* FinalApp */,
				73F4D4C3226828720004FB2E /* FinalAppTests */,
				73F4D4AD2268286E0004FB2E /* Products */,
			);
			sourceTree = "<group>";
		};
		73F4D4AD2268286E0004FB2E /* Products */ = {
			isa = PBXGroup;
			children = (
				73F4D4AC2268286E0004FB2E /* FinalApp.app */,
				73F4D4C0226828720004FB2E /* FinalAppTests.xctest */,
			);
			name = Products;
			sourceTree = "<group>";
		};
		73F4D4AE2268286E0004FB2E /* FinalApp */ = {
			isa = PBXGroup;
			children = (
				73F4D4AF2268286E0004FB2E /* AppDelegate.swift */,
				73F4D4B12268286E0004FB2E /* ViewController.swift */,
				73F4D4B32268286E0004FB2E /* Main.storyboard */,
				73F4D4B6226828720004FB2E /* Assets.xcassets */,
				73F4D4B8226828720004FB2E /* LaunchScreen.storyboard */,
				73F4D4BB226828720004FB2E /* Info.plist */,
			);
			path = FinalApp;
			sourceTree = "<group>";
		};
		73F4D4C3226828720004FB2E /* FinalAppTests */ = {
			isa = PBXGroup;
			children = (
				73F4D4C4226828720004FB2E /* FinalAppTests.swift */,
				73F4D4C6226828720004FB2E /* Info.plist */,
			);
			path = FinalAppTests;
			sourceTree = "<group>";
		};
		73F4D4FF2277370B0004FB2E /* SnipTheVine */ = {
			isa = PBXGroup;
			children = (
				73F4D502227737AE0004FB2E /* Constants.swift */,
				73F4D504227737BC0004FB2E /* AppDelegate.swift */,
				73F4D506227737DA0004FB2E /* GameViewController.swift */,
				73F4D508227737F30004FB2E /* GameScene.swift */,
				73F4D50A2277380E0004FB2E /* VineNode.swift */,
			);
			path = SnipTheVine;
			sourceTree = "<group>";
		};
/* End PBXGroup section */

/* Begin PBXNativeTarget section */
		73F4D4AB2268286D0004FB2E /* FinalApp */ = {
			isa = PBXNativeTarget;
			buildConfigurationList = 73F4D4C9226828720004FB2E /* Build configuration list for PBXNativeTarget "FinalApp" */;
			buildPhases = (
				73F4D4A82268286D0004FB2E /* Sources */,
				73F4D4A92268286D0004FB2E /* Frameworks */,
				73F4D4AA2268286D0004FB2E /* Resources */,
			);
			buildRules = (
			);
			dependencies = (
			);
			name = FinalApp;
			productName = FinalApp;
			productReference = 73F4D4AC2268286E0004FB2E /* FinalApp.app */;
			productType = "com.apple.product-type.application";
		};
		73F4D4BF226828720004FB2E /* FinalAppTests */ = {
			isa = PBXNativeTarget;
			buildConfigurationList = 73F4D4CC226828720004FB2E /* Build configuration list for PBXNativeTarget "FinalAppTests" */;
			buildPhases = (
				73F4D4BC226828720004FB2E /* Sources */,
				73F4D4BD226828720004FB2E /* Frameworks */,
				73F4D4BE226828720004FB2E /* Resources */,
			);
			buildRules = (
			);
			dependencies = (
				73F4D4C2226828720004FB2E /* PBXTargetDependency */,
			);
			name = FinalAppTests;
			productName = FinalAppTests;
			productReference = 73F4D4C0226828720004FB2E /* FinalAppTests.xctest */;
			productType = "com.apple.product-type.bundle.unit-test";
		};
/* End PBXNativeTarget section */

/* Begin PBXProject section */
		73F4D4A42268286D0004FB2E /* Project object */ = {
			isa = PBXProject;
			attributes = {
				LastSwiftUpdateCheck = 1010;
				LastUpgradeCheck = 1010;
				ORGANIZATIONNAME = "Andrea Perez";
				TargetAttributes = {
					73F4D4AB2268286D0004FB2E = {
						CreatedOnToolsVersion = 10.1;
					};
					73F4D4BF226828720004FB2E = {
						CreatedOnToolsVersion = 10.1;
						TestTargetID = 73F4D4AB2268286D0004FB2E;
					};
				};
			};
			buildConfigurationList = 73F4D4A72268286D0004FB2E /* Build configuration list for PBXProject "FinalApp" */;
			compatibilityVersion = "Xcode 9.3";
			developmentRegion = en;
			hasScannedForEncodings = 0;
			knownRegions = (
				en,
				Base,
			);
			mainGroup = 73F4D4A32268286D0004FB2E;
			productRefGroup = 73F4D4AD2268286E0004FB2E /* Products */;
			projectDirPath = "";
			projectRoot = "";
			targets = (
				73F4D4AB2268286D0004FB2E /* FinalApp */,
				73F4D4BF226828720004FB2E /* FinalAppTests */,
			);
		};
/* End PBXProject section */

/* Begin PBXResourcesBuildPhase section */
		73F4D4AA2268286D0004FB2E /* Resources */ = {
			isa = PBXResourcesBuildPhase;
			buildActionMask = 2147483647;
			files = (
				73F4D4BA226828720004FB2E /* LaunchScreen.storyboard in Resources */,
				73F4D4B7226828720004FB2E /* Assets.xcassets in Resources */,
				73F4D4B52268286E0004FB2E /* Main.storyboard in Resources */,
			);
			runOnlyForDeploymentPostprocessing = 0;
		};
		73F4D4BE226828720004FB2E /* Resources */ = {
			isa = PBXResourcesBuildPhase;
			buildActionMask = 2147483647;
			files = (
			);
			runOnlyForDeploymentPostprocessing = 0;
		};
/* End PBXResourcesBuildPhase section */

/* Begin PBXSourcesBuildPhase section */
		73F4D4A82268286D0004FB2E /* Sources */ = {
			isa = PBXSourcesBuildPhase;
			buildActionMask = 2147483647;
			files = (
				73F4D509227737F30004FB2E /* GameScene.swift in Sources */,
				73F4D50B2277380E0004FB2E /* VineNode.swift in Sources */,
				73F4D507227737DA0004FB2E /* GameViewController.swift in Sources */,
				73F4D505227737BC0004FB2E /* AppDelegate.swift in Sources */,
				73F4D4B22268286E0004FB2E /* ViewController.swift in Sources */,
				73F4D4B02268286E0004FB2E /* AppDelegate.swift in Sources */,
				73F4D503227737AE0004FB2E /* Constants.swift in Sources */,
			);
			runOnlyForDeploymentPostprocessing = 0;
		};
		73F4D4BC226828720004FB2E /* Sources */ = {
			isa = PBXSourcesBuildPhase;
			buildActionMask = 2147483647;
			files = (
				73F4D4C5226828720004FB2E /* FinalAppTests.swift in Sources */,
			);
			runOnlyForDeploymentPostprocessing = 0;
		};
/* End PBXSourcesBuildPhase section */

/* Begin PBXTargetDependency section */
		73F4D4C2226828720004FB2E /* PBXTargetDependency */ = {
			isa = PBXTargetDependency;
			target = 73F4D4AB2268286D0004FB2E /* FinalApp */;
			targetProxy = 73F4D4C1226828720004FB2E /* PBXContainerItemProxy */;
		};
/* End PBXTargetDependency section */

/* Begin PBXVariantGroup section */
		73F4D4B32268286E0004FB2E /* Main.storyboard */ = {
			isa = PBXVariantGroup;
			children = (
				73F4D4B42268286E0004FB2E /* Base */,
			);
			name = Main.storyboard;
			sourceTree = "<group>";
		};
		73F4D4B8226828720004FB2E /* LaunchScreen.storyboard */ = {
			isa = PBXVariantGroup;
			children = (
				73F4D4B9226828720004FB2E /* Base */,
			);
			name = LaunchScreen.storyboard;
			sourceTree = "<group>";
		};
/* End PBXVariantGroup section */

/* Begin XCBuildConfiguration section */
		73F4D4C7226828720004FB2E /* Debug */ = {
			isa = XCBuildConfiguration;
			buildSettings = {
				ALWAYS_SEARCH_USER_PATHS = NO;
				CLANG_ANALYZER_NONNULL = YES;
				CLANG_ANALYZER_NUMBER_OBJECT_CONVERSION = YES_AGGRESSIVE;
				CLANG_CXX_LANGUAGE_STANDARD = "gnu++14";
				CLANG_CXX_LIBRARY = "libc++";
				CLANG_ENABLE_MODULES = YES;
				CLANG_ENABLE_OBJC_ARC = YES;
				CLANG_ENABLE_OBJC_WEAK = YES;
				CLANG_WARN_BLOCK_CAPTURE_AUTORELEASING = YES;
				CLANG_WARN_BOOL_CONVERSION = YES;
				CLANG_WARN_COMMA = YES;
				CLANG_WARN_CONSTANT_CONVERSION = YES;
				CLANG_WARN_DEPRECATED_OBJC_IMPLEMENTATIONS = YES;
				CLANG_WARN_DIRECT_OBJC_ISA_USAGE = YES_ERROR;
				CLANG_WARN_DOCUMENTATION_COMMENTS = YES;
				CLANG_WARN_EMPTY_BODY = YES;
				CLANG_WARN_ENUM_CONVERSION = YES;
				CLANG_WARN_INFINITE_RECURSION = YES;
				CLANG_WARN_INT_CONVERSION = YES;
				CLANG_WARN_NON_LITERAL_NULL_CONVERSION = YES;
				CLANG_WARN_OBJC_IMPLICIT_RETAIN_SELF = YES;
				CLANG_WARN_OBJC_LITERAL_CONVERSION = YES;
				CLANG_WARN_OBJC_ROOT_CLASS = YES_ERROR;
				CLANG_WARN_RANGE_LOOP_ANALYSIS = YES;
				CLANG_WARN_STRICT_PROTOTYPES = YES;
				CLANG_WARN_SUSPICIOUS_MOVE = YES;
				CLANG_WARN_UNGUARDED_AVAILABILITY = YES_AGGRESSIVE;
				CLANG_WARN_UNREACHABLE_CODE = YES;
				CLANG_WARN__DUPLICATE_METHOD_MATCH = YES;
				CODE_SIGN_IDENTITY = "iPhone Developer";
				COPY_PHASE_STRIP = NO;
				DEBUG_INFORMATION_FORMAT = dwarf;
				ENABLE_STRICT_OBJC_MSGSEND = YES;
				ENABLE_TESTABILITY = YES;
				GCC_C_LANGUAGE_STANDARD = gnu11;
				GCC_DYNAMIC_NO_PIC = NO;
				GCC_NO_COMMON_BLOCKS = YES;
				GCC_OPTIMIZATION_LEVEL = 0;
				GCC_PREPROCESSOR_DEFINITIONS = (
					"DEBUG=1",
					"$(inherited)",
				);
				GCC_WARN_64_TO_32_BIT_CONVERSION = YES;
				GCC_WARN_ABOUT_RETURN_TYPE = YES_ERROR;
				GCC_WARN_UNDECLARED_SELECTOR = YES;
				GCC_WARN_UNINITIALIZED_AUTOS = YES_AGGRESSIVE;
				GCC_WARN_UNUSED_FUNCTION = YES;
				GCC_WARN_UNUSED_VARIABLE = YES;
				IPHONEOS_DEPLOYMENT_TARGET = 12.1;
				MTL_ENABLE_DEBUG_INFO = INCLUDE_SOURCE;
				MTL_FAST_MATH = YES;
				ONLY_ACTIVE_ARCH = YES;
				SDKROOT = iphoneos;
				SWIFT_ACTIVE_COMPILATION_CONDITIONS = DEBUG;
				SWIFT_OPTIMIZATION_LEVEL = "-Onone";
			};
			name = Debug;
		};
		73F4D4C8226828720004FB2E /* Release */ = {
			isa = XCBuildConfiguration;
			buildSettings = {
				ALWAYS_SEARCH_USER_PATHS = NO;
				CLANG_ANALYZER_NONNULL = YES;
				CLANG_ANALYZER_NUMBER_OBJECT_CONVERSION = YES_AGGRESSIVE;
				CLANG_CXX_LANGUAGE_STANDARD = "gnu++14";
				CLANG_CXX_LIBRARY = "libc++";
				CLANG_ENABLE_MODULES = YES;
				CLANG_ENABLE_OBJC_ARC = YES;
				CLANG_ENABLE_OBJC_WEAK = YES;
				CLANG_WARN_BLOCK_CAPTURE_AUTORELEASING = YES;
				CLANG_WARN_BOOL_CONVERSION = YES;
				CLANG_WARN_COMMA = YES;
				CLANG_WARN_CONSTANT_CONVERSION = YES;
				CLANG_WARN_DEPRECATED_OBJC_IMPLEMENTATIONS = YES;
				CLANG_WARN_DIRECT_OBJC_ISA_USAGE = YES_ERROR;
				CLANG_WARN_DOCUMENTATION_COMMENTS = YES;
				CLANG_WARN_EMPTY_BODY = YES;
				CLANG_WARN_ENUM_CONVERSION = YES;
				CLANG_WARN_INFINITE_RECURSION = YES;
				CLANG_WARN_INT_CONVERSION = YES;
				CLANG_WARN_NON_LITERAL_NULL_CONVERSION = YES;
				CLANG_WARN_OBJC_IMPLICIT_RETAIN_SELF = YES;
				CLANG_WARN_OBJC_LITERAL_CONVERSION = YES;
				CLANG_WARN_OBJC_ROOT_CLASS = YES_ERROR;
				CLANG_WARN_RANGE_LOOP_ANALYSIS = YES;
				CLANG_WARN_STRICT_PROTOTYPES = YES;
				CLANG_WARN_SUSPICIOUS_MOVE = YES;
				CLANG_WARN_UNGUARDED_AVAILABILITY = YES_AGGRESSIVE;
				CLANG_WARN_UNREACHABLE_CODE = YES;
				CLANG_WARN__DUPLICATE_METHOD_MATCH = YES;
				CODE_SIGN_IDENTITY = "iPhone Developer";
				COPY_PHASE_STRIP = NO;
				DEBUG_INFORMATION_FORMAT = "dwarf-with-dsym";
				ENABLE_NS_ASSERTIONS = NO;
				ENABLE_STRICT_OBJC_MSGSEND = YES;
				GCC_C_LANGUAGE_STANDARD = gnu11;
				GCC_NO_COMMON_BLOCKS = YES;
				GCC_WARN_64_TO_32_BIT_CONVERSION = YES;
				GCC_WARN_ABOUT_RETURN_TYPE = YES_ERROR;
				GCC_WARN_UNDECLARED_SELECTOR = YES;
				GCC_WARN_UNINITIALIZED_AUTOS = YES_AGGRESSIVE;
				GCC_WARN_UNUSED_FUNCTION = YES;
				GCC_WARN_UNUSED_VARIABLE = YES;
				IPHONEOS_DEPLOYMENT_TARGET = 12.1;
				MTL_ENABLE_DEBUG_INFO = NO;
				MTL_FAST_MATH = YES;
				SDKROOT = iphoneos;
				SWIFT_COMPILATION_MODE = wholemodule;
				SWIFT_OPTIMIZATION_LEVEL = "-O";
				VALIDATE_PRODUCT = YES;
			};
			name = Release;
		};
		73F4D4CA226828720004FB2E /* Debug */ = {
			isa = XCBuildConfiguration;
			buildSettings = {
				ASSETCATALOG_COMPILER_APPICON_NAME = AppIcon;
				CODE_SIGN_STYLE = Automatic;
				INFOPLIST_FILE = FinalApp/Info.plist;
				LD_RUNPATH_SEARCH_PATHS = (
					"$(inherited)",
					"@executable_path/Frameworks",
				);
				PRODUCT_BUNDLE_IDENTIFIER = acu.edu.FinalApp;
				PRODUCT_NAME = "$(TARGET_NAME)";
				SWIFT_VERSION = 4.2;
				TARGETED_DEVICE_FAMILY = "1,2";
			};
			name = Debug;
		};
		73F4D4CB226828720004FB2E /* Release */ = {
			isa = XCBuildConfiguration;
			buildSettings = {
				ASSETCATALOG_COMPILER_APPICON_NAME = AppIcon;
				CODE_SIGN_STYLE = Automatic;
				INFOPLIST_FILE = FinalApp/Info.plist;
				LD_RUNPATH_SEARCH_PATHS = (
					"$(inherited)",
					"@executable_path/Frameworks",
				);
				PRODUCT_BUNDLE_IDENTIFIER = acu.edu.FinalApp;
				PRODUCT_NAME = "$(TARGET_NAME)";
				SWIFT_VERSION = 4.2;
				TARGETED_DEVICE_FAMILY = "1,2";
			};
			name = Release;
		};
		73F4D4CD226828720004FB2E /* Debug */ = {
			isa = XCBuildConfiguration;
			buildSettings = {
				ALWAYS_EMBED_SWIFT_STANDARD_LIBRARIES = YES;
				BUNDLE_LOADER = "$(TEST_HOST)";
				CODE_SIGN_STYLE = Automatic;
				INFOPLIST_FILE = FinalAppTests/Info.plist;
				LD_RUNPATH_SEARCH_PATHS = (
					"$(inherited)",
					"@executable_path/Frameworks",
					"@loader_path/Frameworks",
				);
				PRODUCT_BUNDLE_IDENTIFIER = acu.edu.FinalAppTests;
				PRODUCT_NAME = "$(TARGET_NAME)";
				SWIFT_VERSION = 4.2;
				TARGETED_DEVICE_FAMILY = "1,2";
				TEST_HOST = "$(BUILT_PRODUCTS_DIR)/FinalApp.app/FinalApp";
			};
			name = Debug;
		};
		73F4D4CE226828720004FB2E /* Release */ = {
			isa = XCBuildConfiguration;
			buildSettings = {
				ALWAYS_EMBED_SWIFT_STANDARD_LIBRARIES = YES;
				BUNDLE_LOADER = "$(TEST_HOST)";
				CODE_SIGN_STYLE = Automatic;
				INFOPLIST_FILE = FinalAppTests/Info.plist;
				LD_RUNPATH_SEARCH_PATHS = (
					"$(inherited)",
					"@executable_path/Frameworks",
					"@loader_path/Frameworks",
				);
				PRODUCT_BUNDLE_IDENTIFIER = acu.edu.FinalAppTests;
				PRODUCT_NAME = "$(TARGET_NAME)";
				SWIFT_VERSION = 4.2;
				TARGETED_DEVICE_FAMILY = "1,2";
				TEST_HOST = "$(BUILT_PRODUCTS_DIR)/FinalApp.app/FinalApp";
			};
			name = Release;
		};
/* End XCBuildConfiguration section */

/* Begin XCConfigurationList section */
		73F4D4A72268286D0004FB2E /* Build configuration list for PBXProject "FinalApp" */ = {
			isa = XCConfigurationList;
			buildConfigurations = (
				73F4D4C7226828720004FB2E /* Debug */,
				73F4D4C8226828720004FB2E /* Release */,
			);
			defaultConfigurationIsVisible = 0;
			defaultConfigurationName = Release;
		};
		73F4D4C9226828720004FB2E /* Build configuration list for PBXNativeTarget "FinalApp" */ = {
			isa = XCConfigurationList;
			buildConfigurations = (
				73F4D4CA226828720004FB2E /* Debug */,
				73F4D4CB226828720004FB2E /* Release */,
			);
			defaultConfigurationIsVisible = 0;
			defaultConfigurationName = Release;
		};
		73F4D4CC226828720004FB2E /* Build configuration list for PBXNativeTarget "FinalAppTests" */ = {
			isa = XCConfigurationList;
			buildConfigurations = (
				73F4D4CD226828720004FB2E /* Debug */,
				73F4D4CE226828720004FB2E /* Release */,
			);
			defaultConfigurationIsVisible = 0;
			defaultConfigurationName = Release;
		};
/* End XCConfigurationList section */
	};
	rootObject = 73F4D4A42268286D0004FB2E /* Project object */;
}
